
Microsoft Visual Studio Solution File, Format Version 12.00
# Visual Studio Version 17
VisualStudioVersion = 17.11.35312.102
MinimumVisualStudioVersion = 10.0.40219.1
Project("{FAE04EC0-301F-11D3-BF4B-00C04F79EFBC}") = "MoneyMonitor", "MoneyMonitor\MoneyMonitor.csproj", "{DF4E45C9-D0CA-4328-B91B-EDB5475349F2}"
EndProject
Global
	GlobalSection(SolutionConfigurationPlatforms) = preSolution
		Debug|Any CPU = Debug|Any CPU
		Release|Any CPU = Release|Any CPU
	EndGlobalSection
	GlobalSection(ProjectConfigurationPlatforms) = postSolution
		{DF4E45C9-D0CA-4328-B91B-EDB5475349F2}.Debug|Any CPU.ActiveCfg = Debug|Any CPU
		{DF4E45C9-D0CA-4328-B91B-EDB5475349F2}.Debug|Any CPU.Build.0 = Debug|Any CPU
		{DF4E45C9-D0CA-4328-B91B-EDB5475349F2}.Release|Any CPU.ActiveCfg = Release|Any CPU
		{DF4E45C9-D0CA-4328-B91B-EDB5475349F2}.Release|Any CPU.Build.0 = Release|Any CPU
	EndGlobalSection
	GlobalSection(SolutionProperties) = preSolution
		HideSolutionNode = FALSE
	EndGlobalSection
	GlobalSection(ExtensibilityGlobals) = postSolution
		SolutionGuid = {354DE4EC-4749-40A0-851C-31C8213A5EE0}
	EndGlobalSection
EndGlobal
